<?xml version="1.0" encoding="utf-8"?>
<Project ToolsVersion="4.0" xmlns="http://schemas.microsoft.com/developer/msbuild/2003">
  <ItemGroup>
    <Filter Include="リソース ファイル">
      <UniqueIdentifier>{67DA6AB6-F800-4c08-8B7A-83BB121AAD01}</UniqueIdentifier>
      <Extensions>rc;ico;cur;bmp;dlg;rc2;rct;bin;rgs;gif;jpg;jpeg;jpe;resx;tiff;tif;png;wav;mfcribbon-ms</Extensions>
    </Filter>
  </ItemGroup>
  <ItemGroup>
    <ClCompile Include="code\billboard.cpp" />
    <ClCompile Include="code\bullet.cpp" />
    <ClCompile Include="code\camera.cpp" />
    <ClCompile Include="code\car.cpp" />
    <ClCompile Include="code\car_manager.cpp" />
    <ClCompile Include="code\character.cpp" />
    <ClCompile Include="code\debugproc.cpp" />
    <ClCompile Include="code\editor.cpp" />
    <ClCompile Include="code\effect.cpp" />
    <ClCompile Include="code\enemy.cpp" />
    <ClCompile Include="code\enemy_manager.cpp" />
    <ClCompile Include="code\enemy_route.cpp" />
    <ClCompile Include="code\explosion.cpp" />
    <ClCompile Include="code\fade.cpp" />
    <ClCompile Include="code\fileload.cpp" />
    <ClCompile Include="code\filter.cpp" />
    <ClCompile Include="code\game.cpp" />
    <ClCompile Include="code\input.cpp" />
    <ClCompile Include="code\item.cpp" />
    <ClCompile Include="code\light.cpp" />
    <ClCompile Include="code\lockon.cpp" />
    <ClCompile Include="code\main.cpp" />
    <ClCompile Include="code\manager.cpp" />
    <ClCompile Include="code\mesh.cpp" />
    <ClCompile Include="code\meshballoon.cpp" />
    <ClCompile Include="code\meshcylinder.cpp" />
    <ClCompile Include="code\meshdome.cpp" />
    <ClCompile Include="code\meshfield.cpp" />
    <ClCompile Include="code\meshorbit.cpp" />
    <ClCompile Include="code\meshwall.cpp" />
    <ClCompile Include="code\message.cpp" />
    <ClCompile Include="code\model.cpp" />
    <ClCompile Include="code\motion.cpp" />
    <ClCompile Include="code\number.cpp" />
    <ClCompile Include="code\object.cpp" />
    <ClCompile Include="code\object2D.cpp" />
    <ClCompile Include="code\object3D.cpp" />
    <ClCompile Include="code\objectX.cpp" />
    <ClCompile Include="code\particle.cpp" />
    <ClCompile Include="code\pause.cpp" />
    <ClCompile Include="code\player.cpp" />
    <ClCompile Include="code\precompile.cpp" />
    <ClCompile Include="code\ranking.cpp" />
    <ClCompile Include="code\renderer.cpp" />
    <ClCompile Include="code\result.cpp" />
    <ClCompile Include="code\score.cpp" />
    <ClCompile Include="code\shadow.cpp" />
    <ClCompile Include="code\slow.cpp" />
    <ClCompile Include="code\sound.cpp" />
    <ClCompile Include="code\target.cpp" />
    <ClCompile Include="code\texture.cpp" />
    <ClCompile Include="code\thermo.cpp" />
    <ClCompile Include="code\time.cpp" />
    <ClCompile Include="code\title.cpp" />
    <ClCompile Include="code\tutorial.cpp" />
    <ClCompile Include="code\waist.cpp" />
    <ClCompile Include="code\wet.cpp" />
    <ClCompile Include="code\Xfile.cpp" />
  </ItemGroup>
  <ItemGroup>
    <ClInclude Include="code\billboard.h" />
    <ClInclude Include="code\bullet.h" />
    <ClInclude Include="code\camera.h" />
    <ClInclude Include="code\car.h" />
    <ClInclude Include="code\car_manager.h" />
    <ClInclude Include="code\character.h" />
    <ClInclude Include="code\debugproc.h" />
    <ClInclude Include="code\editor.h" />
    <ClInclude Include="code\effect.h" />
    <ClInclude Include="code\enemy.h" />
    <ClInclude Include="code\enemy_manager.h" />
    <ClInclude Include="code\enemy_route.h" />
    <ClInclude Include="code\explosion.h" />
    <ClInclude Include="code\fade.h" />
    <ClInclude Include="code\fileload.h" />
    <ClInclude Include="code\filter.h" />
    <ClInclude Include="code\game.h" />
    <ClInclude Include="code\input.h" />
    <ClInclude Include="code\item.h" />
    <ClInclude Include="code\light.h" />
    <ClInclude Include="code\lockon.h" />
    <ClInclude Include="code\main.h" />
    <ClInclude Include="code\manager.h" />
    <ClInclude Include="code\mesh.h" />
    <ClInclude Include="code\meshballoon.h" />
    <ClInclude Include="code\meshcylinder.h" />
    <ClInclude Include="code\meshdome.h" />
    <ClInclude Include="code\meshfield.h" />
    <ClInclude Include="code\meshorbit.h" />
    <ClInclude Include="code\meshwall.h" />
    <ClInclude Include="code\message.h" />
    <ClInclude Include="code\model.h" />
    <ClInclude Include="code\motion.h" />
    <ClInclude Include="code\number.h" />
    <ClInclude Include="code\object.h" />
    <ClInclude Include="code\object2D.h" />
    <ClInclude Include="code\object3D.h" />
    <ClInclude Include="code\objectX.h" />
    <ClInclude Include="code\particle.h" />
    <ClInclude Include="code\pause.h" />
    <ClInclude Include="code\player.h" />
    <ClInclude Include="code\precompile.h" />
    <ClInclude Include="code\ranking.h" />
    <ClInclude Include="code\renderer.h" />
    <ClInclude Include="code\result.h" />
    <ClInclude Include="code\score.h" />
    <ClInclude Include="code\shadow.h" />
    <ClInclude Include="code\slow.h" />
    <ClInclude Include="code\sound.h" />
    <ClInclude Include="code\target.h" />
    <ClInclude Include="code\texture.h" />
    <ClInclude Include="code\thermo.h" />
    <ClInclude Include="code\time.h" />
    <ClInclude Include="code\title.h" />
    <ClInclude Include="code\tutorial.h" />
    <ClInclude Include="code\waist.h" />
    <ClInclude Include="code\wet.h" />
    <ClInclude Include="code\Xfile.h" />
  </ItemGroup>
</Project>